
Microsoft Visual Studio Solution File, Format Version 12.00
# Visual Studio Version 17
VisualStudioVersion = 17.13.35825.156 d17.13
MinimumVisualStudioVersion = 10.0.40219.1
Project("{FAE04EC0-301F-11D3-BF4B-00C04F79EFBC}") = "superToy", "superToy\superToy.csproj", "{F4F19A40-F833-4D7F-9070-1D9DDE721C58}"
EndProject
Global
	GlobalSection(SolutionConfigurationPlatforms) = preSolution
		Debug|Any CPU = Debug|Any CPU
		Release|Any CPU = Release|Any CPU
	EndGlobalSection
	GlobalSection(ProjectConfigurationPlatforms) = postSolution
		{F4F19A40-F833-4D7F-9070-1D9DDE721C58}.Debug|Any CPU.ActiveCfg = Debug|Any CPU
		{F4F19A40-F833-4D7F-9070-1D9DDE721C58}.Debug|Any CPU.Build.0 = Debug|Any CPU
		{F4F19A40-F833-4D7F-9070-1D9DDE721C58}.Release|Any CPU.ActiveCfg = Release|Any CPU
		{F4F19A40-F833-4D7F-9070-1D9DDE721C58}.Release|Any CPU.Build.0 = Release|Any CPU
	EndGlobalSection
	GlobalSection(SolutionProperties) = preSolution
		HideSolutionNode = FALSE
	EndGlobalSection
	GlobalSection(ExtensibilityGlobals) = postSolution
		SolutionGuid = {B9FCA9AB-E4C1-4655-835A-41121C04B1E9}
	EndGlobalSection
EndGlobal
